
Microsoft Visual Studio Solution File, Format Version 12.00
# Visual Studio 2012
Project("{FAE04EC0-301F-11D3-BF4B-00C04F79EFBC}") = "WCF_BankService", "WCF_BankService\WCF_BankService.csproj", "{F1C6CFDD-D1F7-4C04-828B-09DD1C3D2FD9}"
EndProject
Project("{FAE04EC0-301F-11D3-BF4B-00C04F79EFBC}") = "WCF_BankClient", "WCF_BankClient\WCF_BankClient.csproj", "{F155D89C-7787-4E80-855A-70BABDD69BC9}"
EndProject
Global
	GlobalSection(SolutionConfigurationPlatforms) = preSolution
		Debug|Any CPU = Debug|Any CPU
		Release|Any CPU = Release|Any CPU
	EndGlobalSection
	GlobalSection(ProjectConfigurationPlatforms) = postSolution
		{F1C6CFDD-D1F7-4C04-828B-09DD1C3D2FD9}.Debug|Any CPU.ActiveCfg = Debug|Any CPU
		{F1C6CFDD-D1F7-4C04-828B-09DD1C3D2FD9}.Debug|Any CPU.Build.0 = Debug|Any CPU
		{F1C6CFDD-D1F7-4C04-828B-09DD1C3D2FD9}.Release|Any CPU.ActiveCfg = Release|Any CPU
		{F1C6CFDD-D1F7-4C04-828B-09DD1C3D2FD9}.Release|Any CPU.Build.0 = Release|Any CPU
		{F155D89C-7787-4E80-855A-70BABDD69BC9}.Debug|Any CPU.ActiveCfg = Debug|Any CPU
		{F155D89C-7787-4E80-855A-70BABDD69BC9}.Debug|Any CPU.Build.0 = Debug|Any CPU
		{F155D89C-7787-4E80-855A-70BABDD69BC9}.Release|Any CPU.ActiveCfg = Release|Any CPU
		{F155D89C-7787-4E80-855A-70BABDD69BC9}.Release|Any CPU.Build.0 = Release|Any CPU
	EndGlobalSection
	GlobalSection(SolutionProperties) = preSolution
		HideSolutionNode = FALSE
	EndGlobalSection
EndGlobal
