
Microsoft Visual Studio Solution File, Format Version 12.00
# Visual Studio 2012
Project("{FAE04EC0-301F-11D3-BF4B-00C04F79EFBC}") = "MyDiskInfo", "MyDiskInfo\MyDiskInfo.csproj", "{BE770EA9-B0E9-4D51-8BB0-E9AF87A7616A}"
EndProject
Global
	GlobalSection(SolutionConfigurationPlatforms) = preSolution
		Debug|Any CPU = Debug|Any CPU
		Release|Any CPU = Release|Any CPU
	EndGlobalSection
	GlobalSection(ProjectConfigurationPlatforms) = postSolution
		{BE770EA9-B0E9-4D51-8BB0-E9AF87A7616A}.Debug|Any CPU.ActiveCfg = Debug|Any CPU
		{BE770EA9-B0E9-4D51-8BB0-E9AF87A7616A}.Debug|Any CPU.Build.0 = Debug|Any CPU
		{BE770EA9-B0E9-4D51-8BB0-E9AF87A7616A}.Release|Any CPU.ActiveCfg = Release|Any CPU
		{BE770EA9-B0E9-4D51-8BB0-E9AF87A7616A}.Release|Any CPU.Build.0 = Release|Any CPU
	EndGlobalSection
	GlobalSection(SolutionProperties) = preSolution
		HideSolutionNode = FALSE
	EndGlobalSection
EndGlobal
